
Microsoft Visual Studio Solution File, Format Version 12.00
# Visual Studio Version 16
VisualStudioVersion = 16.0.31025.194
MinimumVisualStudioVersion = 10.0.40219.1
Project("{8BC9CEB8-8B4A-11D0-8D11-00A0C91BC942}") = "JudgesScore", "JudgesScore\JudgesScore.vcxproj", "{F40FAEF3-AE62-4DE9-B9DF-AE4889EDEE25}"
EndProject
Global
	GlobalSection(SolutionConfigurationPlatforms) = preSolution
		Debug|x64 = Debug|x64
		Debug|x86 = Debug|x86
		Release|x64 = Release|x64
		Release|x86 = Release|x86
	EndGlobalSection
	GlobalSection(ProjectConfigurationPlatforms) = postSolution
		{F40FAEF3-AE62-4DE9-B9DF-AE4889EDEE25}.Debug|x64.ActiveCfg = Debug|x64
		{F40FAEF3-AE62-4DE9-B9DF-AE4889EDEE25}.Debug|x64.Build.0 = Debug|x64
		{F40FAEF3-AE62-4DE9-B9DF-AE4889EDEE25}.Debug|x86.ActiveCfg = Debug|Win32
		{F40FAEF3-AE62-4DE9-B9DF-AE4889EDEE25}.Debug|x86.Build.0 = Debug|Win32
		{F40FAEF3-AE62-4DE9-B9DF-AE4889EDEE25}.Release|x64.ActiveCfg = Release|x64
		{F40FAEF3-AE62-4DE9-B9DF-AE4889EDEE25}.Release|x64.Build.0 = Release|x64
		{F40FAEF3-AE62-4DE9-B9DF-AE4889EDEE25}.Release|x86.ActiveCfg = Release|Win32
		{F40FAEF3-AE62-4DE9-B9DF-AE4889EDEE25}.Release|x86.Build.0 = Release|Win32
	EndGlobalSection
	GlobalSection(SolutionProperties) = preSolution
		HideSolutionNode = FALSE
	EndGlobalSection
	GlobalSection(ExtensibilityGlobals) = postSolution
		SolutionGuid = {5CA833DB-213F-486B-964F-880554510A2A}
	EndGlobalSection
EndGlobal
